{
  "object": {
    "pins": [
      {
        "package": "XUI",
        "repositoryURL": "https://github.com/quickbirdstudios/XUI",
        "state": {
          "branch": "main",
          "revision": "6bfaf4412d7fa0081a81650dc1551e6670a5c375",
          "version": null
        }
      }
    ]
  },
  "version": 1
}
